
Microsoft Visual Studio Solution File, Format Version 12.00
# Visual Studio Version 17
VisualStudioVersion = 17.0.32014.148
MinimumVisualStudioVersion = 10.0.40219.1
Project("{9A19103F-16F7-4668-BE54-9A1E7A4F7556}") = "PizzaHubWebApp", "PizzaHubWebApp\PizzaHubWebApp.csproj", "{8BB67883-8F85-4039-AB2B-500046027DCB}"
EndProject
Global
	GlobalSection(SolutionConfigurationPlatforms) = preSolution
		Debug|Any CPU = Debug|Any CPU
		Release|Any CPU = Release|Any CPU
	EndGlobalSection
	GlobalSection(ProjectConfigurationPlatforms) = postSolution
		{8BB67883-8F85-4039-AB2B-500046027DCB}.Debug|Any CPU.ActiveCfg = Debug|Any CPU
		{8BB67883-8F85-4039-AB2B-500046027DCB}.Debug|Any CPU.Build.0 = Debug|Any CPU
		{8BB67883-8F85-4039-AB2B-500046027DCB}.Release|Any CPU.ActiveCfg = Release|Any CPU
		{8BB67883-8F85-4039-AB2B-500046027DCB}.Release|Any CPU.Build.0 = Release|Any CPU
	EndGlobalSection
	GlobalSection(SolutionProperties) = preSolution
		HideSolutionNode = FALSE
	EndGlobalSection
	GlobalSection(ExtensibilityGlobals) = postSolution
		SolutionGuid = {1B7EAB05-FC39-4D94-88B1-85D1D74A8F88}
	EndGlobalSection
EndGlobal
